{
  "version": 1,
  "dependencies": {
    "net8.0": {
      "Azure.Identity": {
        "type": "Direct",
        "requested": "[1.14.0, )",
        "resolved": "1.14.0",
        "contentHash": "xQ6mpNhifb8W/KG2BclhbJWAupvE3JF8lPEBF8t59Q5sc1yN0Ci+dvS0qXtc6m9auxwYpmc8rhOmK541dcGwmA==",
        "dependencies": {
          "Azure.Core": "1.46.1",
          "Microsoft.Identity.Client": "4.71.1",
          "Microsoft.Identity.Client.Extensions.Msal": "4.71.1"
        }
      },
      "Azure.ResourceManager.AppService": {
        "type": "Direct",
        "requested": "[1.4.0, )",
        "resolved": "1.4.0",
        "contentHash": "WQpgmRw8D9pICbwgoruNwsOpa4Rjr35WO/GjgzrU4osuRGRXoItt+Ze0l+tdsWQfgdAGDWLduUeFX/vbYLru+w==",
        "dependencies": {
          "Azure.Core": "1.46.1",
          "Azure.ResourceManager": "1.13.0"
        }
      },
      "Endjin.RecommendedPractices.GitHub": {
        "type": "Direct",
        "requested": "[2.1.18, )",
        "resolved": "2.1.18",
        "contentHash": "5zdIpj3qn+hQKvpkJO77wW74S4w8UKE0l8oDIm6jq70X7O0iNfgD+0FzEKXIYM17JtqnVSVaBd4ZyuDxHqVnLg==",
        "dependencies": {
          "Endjin.RecommendedPractices": "2.1.18",
          "Microsoft.SourceLink.GitHub": "1.1.1"
        }
      },
      "McMaster.Extensions.CommandLineUtils": {
        "type": "Direct",
        "requested": "[4.1.1, )",
        "resolved": "4.1.1",
        "contentHash": "zxgDY+G5yVq2q8sVB3Z275Qkxed1jC95nwAfnlSyoG4l5Nicvd4+ke1jXusEZEfyuErlAgXCKS937c13FmZWBg=="
      },
      "Microsoft.Extensions.DependencyInjection": {
        "type": "Direct",
        "requested": "[8.0.*, )",
        "resolved": "8.0.1",
        "contentHash": "BmANAnR5Xd4Oqw7yQ75xOAYODybZQRzdeNucg7kS5wWKd2PNnMdYtJ2Vciy0QLylRmv42DGl5+AFL9izA6F1Rw==",
        "dependencies": {
          "Microsoft.Extensions.DependencyInjection.Abstractions": "8.0.2"
        }
      },
      "Microsoft.Rest.ClientRuntime.Azure.Authentication": {
        "type": "Direct",
        "requested": "[2.4.1, )",
        "resolved": "2.4.1",
        "contentHash": "lzTUW5rm7aHp5cEb6VkhXcBlh7PyKTBoPY/zVlsy+YBOhweyivAI76wa1RDfUy7yqkaDvhgqC+bgqhh1+t3tdA==",
        "dependencies": {
          "Microsoft.IdentityModel.Clients.ActiveDirectory": "4.3.0",
          "Microsoft.IdentityModel.Tokens": "5.1.2",
          "Microsoft.Rest.ClientRuntime": "[2.3.20, 3.0.0)",
          "Newtonsoft.Json": "10.0.3"
        }
      },
      "Azure.Core": {
        "type": "Transitive",
        "resolved": "1.46.1",
        "contentHash": "iE5DPOlGsN5kCkF4gN+vasN1RihO0Ypie92oQ5tohQYiokmnrrhLnee+3zcE8n7vB6ZAzhPTfUGAEXX/qHGkYA==",
        "dependencies": {
          "Microsoft.Bcl.AsyncInterfaces": "8.0.0",
          "System.ClientModel": "1.4.1",
          "System.Memory.Data": "6.0.1"
        }
      },
      "Azure.ResourceManager": {
        "type": "Transitive",
        "resolved": "1.13.0",
        "contentHash": "B0ZE4gNxs942DScLH53X7L4uqnMnh1LTpjHZUfnToQsjA65AuxiiDCVMQUkTTeQOP3PNd0UOrgRNpjQlbU8bgg==",
        "dependencies": {
          "Azure.Core": "1.42.0",
          "System.ClientModel": "1.0.0"
        }
      },
      "Azure.Security.KeyVault.Secrets": {
        "type": "Transitive",
        "resolved": "4.5.0",
        "contentHash": "ztr26Ai4K7AZGuw68/ffLDn+2G3WL0myjC7nY1RYkxPMnsplTPEH+Ke4RGxvSkg4kC7bJ9NwdlqpEwfDX0qhdw==",
        "dependencies": {
          "Azure.Core": "1.30.0"
        }
      },
      "Cimpress.Extensions.Http.Caching.Abstractions": {
        "type": "Transitive",
        "resolved": "2.1.111",
        "contentHash": "PdObWa1wrpKrhbfxWMzYW1g4VImfWeY1mcenN2nZw2Vd0iv5xT6I5JakSdYboTmdX8l8I2NJyCau61Li5B/4AA==",
        "dependencies": {
          "Newtonsoft.Json": "10.0.3"
        }
      },
      "Cimpress.Extensions.Http.Caching.InMemory": {
        "type": "Transitive",
        "resolved": "2.1.111",
        "contentHash": "J2FwF9LG7WZvbU7z95RXLNCEJAgUguYsUHdgi0afiQWJjr7P9EUkm8KWXpNksO5+GU3+uiOUNU5ujMA7I+JGJA==",
        "dependencies": {
          "Cimpress.Extensions.Http.Caching.Abstractions": "2.1.111",
          "Microsoft.Extensions.Caching.Memory": "2.0.0"
        }
      },
      "CommunityToolkit.HighPerformance": {
        "type": "Transitive",
        "resolved": "8.3.0",
        "contentHash": "2zc0Wfr9OtEbLqm6J1Jycim/nKmYv+v12CytJ3tZGNzw7n3yjh1vNCMX0kIBaFBk3sw8g0pMR86QJGXGlArC+A=="
      },
      "Corvus.ContentHandling": {
        "type": "Transitive",
        "resolved": "4.0.0",
        "contentHash": "g3Yxx9Ws0Qvajje9xxYc2Me8bNjaDUQ1lf5IF4Cs4RbNjP91yZqzn2KDTUdSQI+u2B06MuIsVPUfDZC0Lf9+Ag==",
        "dependencies": {
          "Microsoft.CodeAnalysis.CSharp": "4.12.0",
          "Microsoft.Extensions.DependencyInjection.Abstractions": "8.0.2"
        }
      },
      "Corvus.ContentHandling.Json": {
        "type": "Transitive",
        "resolved": "4.0.0",
        "contentHash": "w2hmlDHvqOxkekPRlRDluKGPq5nBvUDfxbxDYUJtX6Pq5EbN2BORkW41TvVi3YPvvA5Jv0FWy3/QxtSywhh1NA==",
        "dependencies": {
          "Corvus.ContentHandling": "4.0.0",
          "Corvus.Json.Serialization": "2.0.0"
        }
      },
      "Corvus.Extensions": {
        "type": "Transitive",
        "resolved": "1.1.13",
        "contentHash": "IJfT5YT7RUYJzhcR7nsnozrtcR6uDfqJIUvOvLYuQ6ra3DVOyStKtDp81L+l/FY8I0nw1alzbugXRjj+92BC/A==",
        "dependencies": {
          "System.Interactive": "6.0.1"
        }
      },
      "Corvus.Extensions.Newtonsoft.Json": {
        "type": "Transitive",
        "resolved": "3.0.2",
        "contentHash": "Htc652U9rb9V6Ik6L18H09cKpVnsk95qU5ZBUfjpk0ehtV3BzhJuVA2xoEtk4vN/vhq2mSf8JZswwznPZilLBw==",
        "dependencies": {
          "Corvus.Json.Abstractions": "3.0.2",
          "Microsoft.Extensions.DependencyInjection.Abstractions": "3.1.32",
          "Newtonsoft.Json": "13.0.3"
        }
      },
      "Corvus.HighPerformance": {
        "type": "Transitive",
        "resolved": "1.0.0",
        "contentHash": "ymxAkH0mhLXEggpIfbMDegA/wg4Q6PjOr2uUkHQX2HubqHD3hcOe2nf0yc3Y5GS9WHkSlc4asjTkP0rHsScDgg=="
      },
      "Corvus.Identity.Abstractions": {
        "type": "Transitive",
        "resolved": "3.3.0",
        "contentHash": "yW2Yf08JOlTg968u/Ok3rx1D3hunGzkx0x9soZ9yGIco7uyyyQlbrHPzKqYr98/ulwut+nqHKfxY7o1osibWtw=="
      },
      "Corvus.Identity.Azure": {
        "type": "Transitive",
        "resolved": "3.3.0",
        "contentHash": "tVIh6tMew3xvA2A1ESkkCS3cxlwAx3lbwyiv+kKGo1gvWoMWva+48FmZxEtBDvyyPd8ansg3Hu4ApCIg6PP+fQ==",
        "dependencies": {
          "Azure.Identity": "1.8.2",
          "Azure.Security.KeyVault.Secrets": "4.5.0",
          "Corvus.Identity.Abstractions": "3.3.0",
          "Microsoft.Extensions.Caching.Memory": "6.0.1",
          "Microsoft.Extensions.DependencyInjection.Abstractions": "6.0.0"
        }
      },
      "Corvus.Identity.MicrosoftRest": {
        "type": "Transitive",
        "resolved": "3.3.0",
        "contentHash": "2eUKhNH14ai7XtVMcime0KlmHoIi7ITZ2XLPR73CnNvc0Cm9Rm6awfS83Qj3lh73riWwQVhQMVg3ZWOsq+KSXQ==",
        "dependencies": {
          "Corvus.Identity.Azure": "3.3.0",
          "Microsoft.Extensions.DependencyInjection.Abstractions": "6.0.0",
          "Microsoft.Rest.ClientRuntime": "2.3.24"
        }
      },
      "Corvus.Json.Abstractions": {
        "type": "Transitive",
        "resolved": "3.0.2",
        "contentHash": "i3HErZbnQsYwUgS9sA+sQYpVX0r5ETmBSApy13wC5hVqEvI/YVXBztoLMmkEOaJEo1c16H8JT2s+j/hDGqSz6g=="
      },
      "Corvus.Json.PropertyBag": {
        "type": "Transitive",
        "resolved": "2.0.0",
        "contentHash": "BOqpruU6YOktu8YURl5sPJz1sF9LL8s12k9pPWQubHd1Ie+Rq8S4uiBYVpAh2gJPBVgeJviMGx60EaMQ3ybgcg==",
        "dependencies": {
          "Corvus.Json.Abstractions": "3.0.0",
          "Corvus.Json.Serialization": "2.0.0",
          "Microsoft.Extensions.DependencyInjection.Abstractions": "8.0.2"
        }
      },
      "Corvus.Json.Serialization": {
        "type": "Transitive",
        "resolved": "2.0.0",
        "contentHash": "F4ltGxFJJ5Leg9F+wxuPXF1AhQNsN7fyPNXV5664icAseA/uo4M6NyHuUiQjw5FETn37i+MpnDlAPmPS8XR0ZA==",
        "dependencies": {
          "Microsoft.Extensions.DependencyInjection.Abstractions": "8.0.2"
        }
      },
      "Corvus.Monitoring.Instrumentation.Abstractions": {
        "type": "Transitive",
        "resolved": "4.0.0",
        "contentHash": "XFlXMBm7mrIoUshNKWnPZKcdqKuSsxXFym+Og3BgzQD6IJ9XoQOBQQdxdxuiSfH+EdfZ6QyGGGc4TD0of8UCmg==",
        "dependencies": {
          "Microsoft.Extensions.DependencyInjection.Abstractions": "8.0.2"
        }
      },
      "Corvus.Tenancy.Abstractions": {
        "type": "Transitive",
        "resolved": "4.0.1",
        "contentHash": "xVZoj0H7YMm57MDzZf0CL/SBChM/YpymLPWMECKlAQeAd0EcvLct/X5DJqF5eNkwukCOjuY24yAooSHQAA7xUQ==",
        "dependencies": {
          "Corvus.ContentHandling": "4.0.0",
          "Corvus.ContentHandling.Json": "4.0.0",
          "Corvus.Extensions": "1.1.13",
          "Corvus.Json.Abstractions": "3.0.2",
          "Corvus.Json.PropertyBag": "2.0.0",
          "Microsoft.Extensions.Primitives": "8.0.0"
        }
      },
      "Corvus.UriTemplates": {
        "type": "Transitive",
        "resolved": "2.3.2",
        "contentHash": "XAhHr0F6IOhunpIHFzG0HQSj+/X8L1lSJAExYQl9OEIZGAUZ81pbqWtxuIHL080y1u2dEmw796D7XmM44Je2gw==",
        "dependencies": {
          "CommunityToolkit.HighPerformance": "8.3.0",
          "Corvus.HighPerformance": "1.0.0",
          "Microsoft.Extensions.ObjectPool": "8.0.8"
        }
      },
      "Endjin.RecommendedPractices": {
        "type": "Transitive",
        "resolved": "2.1.18",
        "contentHash": "AAD5aVVKTdFYsMpdHft4Q4rPdLaBt/IG4K2ozmB0qkotXpIWBhNUDtguBZCkYvTt0o2UXS5fQDP3os86F03lpw==",
        "dependencies": {
          "Microsoft.Build.Tasks.Git": "1.1.1"
        }
      },
      "Menes.Abstractions": {
        "type": "Transitive",
        "resolved": "6.0.3",
        "contentHash": "IMrZrJGQNDZQ48XhP6IHdPLa3Tl1iVka90SIhfGMvQIfH+0NqSjSRdI/W2alrE7BCvLpw5K0fKrQ8bHdsD01Cw==",
        "dependencies": {
          "Corvus.ContentHandling": "4.0.0",
          "Corvus.Extensions": "1.1.13",
          "Corvus.Extensions.Newtonsoft.Json": "3.0.2",
          "Corvus.Monitoring.Instrumentation.Abstractions": "4.0.0",
          "Corvus.UriTemplates": "2.3.2",
          "Microsoft.Extensions.Configuration.Abstractions": "8.0.0",
          "Microsoft.Extensions.Logging": "8.0.1",
          "Microsoft.OpenApi.Readers": "1.6.24",
          "System.Interactive": "6.0.1"
        }
      },
      "Microsoft.Bcl.AsyncInterfaces": {
        "type": "Transitive",
        "resolved": "8.0.0",
        "contentHash": "3WA9q9yVqJp222P3x1wYIGDAkpjAku0TMUaaQV22g6L67AI0LdOIrVS7Ht2vJfLHGSPVuqN94vIr15qn+HEkHw=="
      },
      "Microsoft.Build.Tasks.Git": {
        "type": "Transitive",
        "resolved": "1.1.1",
        "contentHash": "AT3HlgTjsqHnWpBHSNeR0KxbLZD7bztlZVj7I8vgeYG9SYqbeFGh0TM/KVtC6fg53nrWHl3VfZFvb5BiQFcY6Q=="
      },
      "Microsoft.CodeAnalysis.Analyzers": {
        "type": "Transitive",
        "resolved": "3.3.4",
        "contentHash": "AxkxcPR+rheX0SmvpLVIGLhOUXAKG56a64kV9VQZ4y9gR9ZmPXnqZvHJnmwLSwzrEP6junUF11vuc+aqo5r68g=="
      },
      "Microsoft.CodeAnalysis.Common": {
        "type": "Transitive",
        "resolved": "4.12.0",
        "contentHash": "c1kNYihL2gdcuU1dqm8R8YeA4YkB43TpU3pa2r66Uooh6AAhRtENzj9A4Kj0a+H8JDDyuTjNZql9XlVUzV+UjA==",
        "dependencies": {
          "Microsoft.CodeAnalysis.Analyzers": "3.3.4"
        }
      },
      "Microsoft.CodeAnalysis.CSharp": {
        "type": "Transitive",
        "resolved": "4.12.0",
        "contentHash": "30vVQ1MizeC22iEdEvI2w0eTIYG43/L20yBzuQH01xKzJgHAoWehzI2F8u07o4mXh4DGMOjQF7aEm0zzvsG3Mg==",
        "dependencies": {
          "Microsoft.CodeAnalysis.Analyzers": "3.3.4",
          "Microsoft.CodeAnalysis.Common": "[4.12.0]"
        }
      },
      "Microsoft.Extensions.Caching.Abstractions": {
        "type": "Transitive",
        "resolved": "6.0.0",
        "contentHash": "bcz5sSFJbganH0+YrfvIjJDIcKNW7TL07C4d1eTmXy/wOt52iz4LVogJb6pazs7W0+74j0YpXFErvp++Aq5Bsw==",
        "dependencies": {
          "Microsoft.Extensions.Primitives": "6.0.0"
        }
      },
      "Microsoft.Extensions.Caching.Memory": {
        "type": "Transitive",
        "resolved": "6.0.1",
        "contentHash": "B4y+Cev05eMcjf1na0v9gza6GUtahXbtY1JCypIgx3B4Ea/KAgsWyXEmW4q6zMbmTMtKzmPVk09rvFJirvMwTg==",
        "dependencies": {
          "Microsoft.Extensions.Caching.Abstractions": "6.0.0",
          "Microsoft.Extensions.DependencyInjection.Abstractions": "6.0.0",
          "Microsoft.Extensions.Logging.Abstractions": "6.0.0",
          "Microsoft.Extensions.Options": "6.0.0",
          "Microsoft.Extensions.Primitives": "6.0.0"
        }
      },
      "Microsoft.Extensions.Configuration.Abstractions": {
        "type": "Transitive",
        "resolved": "8.0.0",
        "contentHash": "3lE/iLSutpgX1CC0NOW70FJoGARRHbyKmG7dc0klnUZ9Dd9hS6N/POPWhKhMLCEuNN5nXEY5agmlFtH562vqhQ==",
        "dependencies": {
          "Microsoft.Extensions.Primitives": "8.0.0"
        }
      },
      "Microsoft.Extensions.DependencyInjection.Abstractions": {
        "type": "Transitive",
        "resolved": "8.0.2",
        "contentHash": "3iE7UF7MQkCv1cxzCahz+Y/guQbTqieyxyaWKhrRO91itI9cOKO76OHeQDahqG4MmW5umr3CcCvGmK92lWNlbg=="
      },
      "Microsoft.Extensions.FileSystemGlobbing": {
        "type": "Transitive",
        "resolved": "8.0.0",
        "contentHash": "OK+670i7esqlQrPjdIKRbsyMCe9g5kSLpRRQGSr4Q58AOYEe/hCnfLZprh7viNisSUUQZmMrbbuDaIrP+V1ebQ=="
      },
      "Microsoft.Extensions.Logging": {
        "type": "Transitive",
        "resolved": "8.0.1",
        "contentHash": "4x+pzsQEbqxhNf1QYRr5TDkLP9UsLT3A6MdRKDDEgrW7h1ljiEPgTNhKYUhNCCAaVpQECVQ+onA91PTPnIp6Lw==",
        "dependencies": {
          "Microsoft.Extensions.DependencyInjection": "8.0.1",
          "Microsoft.Extensions.Logging.Abstractions": "8.0.2",
          "Microsoft.Extensions.Options": "8.0.2"
        }
      },
      "Microsoft.Extensions.Logging.Abstractions": {
        "type": "Transitive",
        "resolved": "8.0.3",
        "contentHash": "dL0QGToTxggRLMYY4ZYX5AMwBb+byQBd/5dMiZE07Nv73o6I5Are3C7eQTh7K2+A4ct0PVISSr7TZANbiNb2yQ==",
        "dependencies": {
          "Microsoft.Extensions.DependencyInjection.Abstractions": "8.0.2"
        }
      },
      "Microsoft.Extensions.ObjectPool": {
        "type": "Transitive",
        "resolved": "8.0.8",
        "contentHash": "wnjTFjEvvSbOs3iMfl6CeJcUgPHZMYUB9uAQbGQGxGwVRl4GydNpMSkVntTzoi7AqQeYumU9yDSNeVbpq+ebow=="
      },
      "Microsoft.Extensions.Options": {
        "type": "Transitive",
        "resolved": "8.0.2",
        "contentHash": "dWGKvhFybsaZpGmzkGCbNNwBD1rVlWzrZKANLW/CcbFJpCEceMCGzT7zZwHOGBCbwM0SzBuceMj5HN1LKV1QqA==",
        "dependencies": {
          "Microsoft.Extensions.DependencyInjection.Abstractions": "8.0.0",
          "Microsoft.Extensions.Primitives": "8.0.0"
        }
      },
      "Microsoft.Extensions.Primitives": {
        "type": "Transitive",
        "resolved": "8.0.0",
        "contentHash": "bXJEZrW9ny8vjMF1JV253WeLhpEVzFo1lyaZu1vQ4ZxWUlVvknZ/+ftFgVheLubb4eZPSwwxBeqS1JkCOjxd8g=="
      },
      "Microsoft.Identity.Client": {
        "type": "Transitive",
        "resolved": "4.71.1",
        "contentHash": "SgvSBcMRvmEEyV10pcvxNVUbwYoShmj/9pxXFVr3AFjE26IUzuwYLtLgt58xkEnT0xJBjfObaXxcol3BMtmEAg==",
        "dependencies": {
          "Microsoft.IdentityModel.Abstractions": "6.35.0"
        }
      },
      "Microsoft.Identity.Client.Extensions.Msal": {
        "type": "Transitive",
        "resolved": "4.71.1",
        "contentHash": "PGOHaoQhKBKnXy1kfW+Gu9/rxStKsqR+UZKeVv4XAsATdzmfj9y9kkUOftIjVFvxP3oh2Sk7v65ylS0K/qYADA==",
        "dependencies": {
          "Microsoft.Identity.Client": "4.71.1",
          "System.Security.Cryptography.ProtectedData": "4.5.0"
        }
      },
      "Microsoft.IdentityModel.Abstractions": {
        "type": "Transitive",
        "resolved": "6.35.0",
        "contentHash": "xuR8E4Rd96M41CnUSCiOJ2DBh+z+zQSmyrYHdYhD6K4fXBcQGVnRCFQ0efROUYpP+p0zC1BLKr0JRpVuujTZSg=="
      },
      "Microsoft.IdentityModel.Clients.ActiveDirectory": {
        "type": "Transitive",
        "resolved": "4.3.0",
        "contentHash": "IRXnTCHxwnpnGBHVnTWd8RBJk7nsBsNZVl8j20kh234bP+oBILkt+6Iw5vQg5Q+sZmALt3Oq6X3Kx7qY71XyVw==",
        "dependencies": {
          "NETStandard.Library": "1.6.1"
        }
      },
      "Microsoft.IdentityModel.Logging": {
        "type": "Transitive",
        "resolved": "1.1.2",
        "contentHash": "QPMFfRVnRkCzGpEQz/YEPsbwUjAp5R1W2dpaXHlJJNA7fp9gV4m4TDKvvXhQnqdEL0a0luNrYFZrbz7NRI1rXQ=="
      },
      "Microsoft.IdentityModel.Tokens": {
        "type": "Transitive",
        "resolved": "5.1.2",
        "contentHash": "m7UP4iY/dWfVwDNNSVGvZV6r4PwflaK++sYQsTTGAMILYb5IJ4Z4rKJRCA0uKjo6jTcdWlQxyPsxoEVwjqPKqQ==",
        "dependencies": {
          "Microsoft.IdentityModel.Logging": "1.1.2",
          "Newtonsoft.Json": "9.0.1"
        }
      },
      "Microsoft.NETCore.Platforms": {
        "type": "Transitive",
        "resolved": "1.1.0",
        "contentHash": "kz0PEW2lhqygehI/d6XsPCQzD7ff7gUJaVGPVETX611eadGsA3A877GdSlU0LRVMCTH/+P3o2iDTak+S08V2+A=="
      },
      "Microsoft.OpenApi": {
        "type": "Transitive",
        "resolved": "1.6.24",
        "contentHash": "fZhncz3BmI2pJk589qHvvR3gGYMol5u98Yk9zRQiDjZac8Uq5NG/dYEFJbW/DBvJf5e8utXt5fN/58XCgjNqyQ=="
      },
      "Microsoft.OpenApi.Readers": {
        "type": "Transitive",
        "resolved": "1.6.24",
        "contentHash": "dWcqm4L/M9/HcPmDv5RJob7hdW1lmiABZUZu03lYyReLn4zSwZ4iIF07ziBcWfuf49dNR/R3HOR7fPHVArXEeg==",
        "dependencies": {
          "Microsoft.OpenApi": "1.6.24",
          "SharpYaml": "2.1.1"
        }
      },
      "Microsoft.Rest.ClientRuntime": {
        "type": "Transitive",
        "resolved": "2.3.24",
        "contentHash": "hZH7XgM3eV2jFrnq7Yf0nBD4WVXQzDrer2gEY7HMNiwio2hwDsTHO6LWuueNQAfRpNp4W7mKxcXpwXUiuVIlYw==",
        "dependencies": {
          "Newtonsoft.Json": "10.0.3"
        }
      },
      "Microsoft.SourceLink.Common": {
        "type": "Transitive",
        "resolved": "1.1.1",
        "contentHash": "WMcGpWKrmJmzrNeuaEb23bEMnbtR/vLmvZtkAP5qWu7vQsY59GqfRJd65sFpBszbd2k/bQ8cs8eWawQKAabkVg=="
      },
      "Microsoft.SourceLink.GitHub": {
        "type": "Transitive",
        "resolved": "1.1.1",
        "contentHash": "IaJGnOv/M7UQjRJks7B6p7pbPnOwisYGOIzqCz5ilGFTApZ3ktOR+6zJ12ZRPInulBmdAf1SrGdDG2MU8g6XTw==",
        "dependencies": {
          "Microsoft.Build.Tasks.Git": "1.1.1",
          "Microsoft.SourceLink.Common": "1.1.1"
        }
      },
      "NETStandard.Library": {
        "type": "Transitive",
        "resolved": "1.6.1",
        "contentHash": "WcSp3+vP+yHNgS8EV5J7pZ9IRpeDuARBPN28by8zqff1wJQXm26PVU8L3/fYLBJVU7BtDyqNVWq2KlCVvSSR4A==",
        "dependencies": {
          "Microsoft.NETCore.Platforms": "1.1.0"
        }
      },
      "Newtonsoft.Json": {
        "type": "Transitive",
        "resolved": "13.0.3",
        "contentHash": "HrC5BXdl00IP9zeV+0Z848QWPAoCr9P3bDEZguI+gkLcBKAOxix/tLEAAHC+UvDNPv4a2d18lOReHMOagPa+zQ=="
      },
      "SharpYaml": {
        "type": "Transitive",
        "resolved": "2.1.1",
        "contentHash": "BISoFuW2AwZYXxrZGaBnedo21BvrdgC4kkWd6QYrOdhOGSsZB0RSqcBw09l9caUE1g3sykJoRfSbtSzZS6tYig=="
      },
      "System.ClientModel": {
        "type": "Transitive",
        "resolved": "1.4.1",
        "contentHash": "MY7eFGKp+Hu7Ciub8wigQ0odGrkml4eTjUy8d5Bu2eGAVvm8Qskkq+YuXiiS5wMJGq7iSvqseV4skd5WxTUdDA==",
        "dependencies": {
          "Microsoft.Extensions.Logging.Abstractions": "8.0.3",
          "System.Memory.Data": "6.0.1"
        }
      },
      "System.Interactive": {
        "type": "Transitive",
        "resolved": "6.0.1",
        "contentHash": "q2E+Rkj35aGIPdZFKoBfI46LU1hGLHrhg9diif3psaRFeiMwSYom0VI0XHIQFYtGHzq2g1+3awHvK+7YntfNIQ=="
      },
      "System.Memory.Data": {
        "type": "Transitive",
        "resolved": "6.0.1",
        "contentHash": "yliDgLh9S9Mcy5hBIdZmX6yphYIW3NH+3HN1kV1m7V1e0s7LNTw/tHNjJP4U9nSMEgl3w1TzYv/KA1Tg9NYy6w=="
      },
      "System.Security.Cryptography.ProtectedData": {
        "type": "Transitive",
        "resolved": "4.5.0",
        "contentHash": "wLBKzFnDCxP12VL9ANydSYhk59fC4cvOr9ypYQLPnAj48NQIhqnjdD2yhP8yEKyBJEjERWS9DisKL7rX5eU25Q=="
      },
      "marain.claims.abstractions": {
        "type": "Project",
        "dependencies": {
          "Corvus.Tenancy.Abstractions": "[4.0.1, )",
          "Menes.Abstractions": "[6.0.3, )",
          "Microsoft.Extensions.FileSystemGlobbing": "[8.0.*, )",
          "Newtonsoft.Json": "[13.0.3, )"
        }
      },
      "marain.claims.client": {
        "type": "Project",
        "dependencies": {
          "Cimpress.Extensions.Http.Caching.InMemory": "[2.1.111, )",
          "Corvus.Identity.MicrosoftRest": "[3.3.0, )",
          "Microsoft.Extensions.DependencyInjection.Abstractions": "[8.0.*, )",
          "Microsoft.Rest.ClientRuntime": "[2.3.24, )"
        }
      }
    }
  }
}