
Microsoft Visual Studio Solution File, Format Version 12.00
# Visual Studio Version 17
VisualStudioVersion = 17.0.31903.59
MinimumVisualStudioVersion = 10.0.40219.1
Project("{2150E333-8FDC-42A3-9474-1A3956D46DE8}") = "DevOps", "DevOps", "{D29CABE7-467E-4CF6-B44B-3C58AB76145A}"
	ProjectSection(SolutionItems) = preProject
		..\azure-pipelines.yml = ..\azure-pipelines.yml
		..\build.ps1 = ..\build.ps1
		..\GitVersion.yml = ..\GitVersion.yml
	EndProjectSection
EndProject
Project("{9A19103F-16F7-4668-BE54-9A1E7A4F7556}") = "Marain.Claims.Specs", "Marain.Claims.Specs\Marain.Claims.Specs.csproj", "{CEC3DC44-36AF-4B82-B483-04AA9B3C5479}"
EndProject
Project("{9A19103F-16F7-4668-BE54-9A1E7A4F7556}") = "Marain.Claims.Abstractions", "Marain.Claims.Abstractions\Marain.Claims.Abstractions.csproj", "{66AA538E-E684-4C84-A1C8-74CBA60537CD}"
EndProject
Project("{9A19103F-16F7-4668-BE54-9A1E7A4F7556}") = "Marain.Claims.Storage.AzureBlob", "Marain.Claims.Storage.AzureBlob\Marain.Claims.Storage.AzureBlob.csproj", "{E21B3A99-99AC-4CEC-82EE-BD2460D7FA6E}"
EndProject
Project("{9A19103F-16F7-4668-BE54-9A1E7A4F7556}") = "Marain.Claims.Tenancy.AzureBlob", "Marain.Claims.Tenancy.AzureBlob\Marain.Claims.Tenancy.AzureBlob.csproj", "{BD84F228-7BC5-46E7-A89F-BBB53180F4C5}"
EndProject
Project("{9A19103F-16F7-4668-BE54-9A1E7A4F7556}") = "Marain.Claims.Client", "Marain.Claims.Client\Marain.Claims.Client.csproj", "{8AE603BB-0F1E-4424-8BC8-7B7DE0F51FA0}"
EndProject
Project("{9A19103F-16F7-4668-BE54-9A1E7A4F7556}") = "Marain.Claims.OpenApi.Service", "Marain.Claims.OpenApi.Service\Marain.Claims.OpenApi.Service.csproj", "{4206D374-36DB-4C17-84B3-05D5BBF79BA5}"
EndProject
Project("{9A19103F-16F7-4668-BE54-9A1E7A4F7556}") = "Marain.Claims.Host.Functions", "Marain.Claims.Host.Functions\Marain.Claims.Host.Functions.csproj", "{3565035B-723C-4323-B61B-B604F4D85D3F}"
EndProject
Project("{9A19103F-16F7-4668-BE54-9A1E7A4F7556}") = "Marain.Claims.Hosting.AspNetCore", "Marain.Claims.Hosting.AspNetCore\Marain.Claims.Hosting.AspNetCore.csproj", "{8C76D305-5A91-40BB-9916-E6318928E60B}"
EndProject
Project("{9A19103F-16F7-4668-BE54-9A1E7A4F7556}") = "Marain.Claims.OpenApi", "Marain.Claims.OpenApi\Marain.Claims.OpenApi.csproj", "{9623D1B0-40C8-44C3-8EEC-531CF965B0D6}"
EndProject
Project("{9A19103F-16F7-4668-BE54-9A1E7A4F7556}") = "Marain.Claims.OpenApi.AspNetCore", "Marain.Claims.OpenApi.AspNetCore\Marain.Claims.OpenApi.AspNetCore.csproj", "{7D79853D-4E7A-4A94-A7C4-B32A7CE89E95}"
EndProject
Project("{2150E333-8FDC-42A3-9474-1A3956D46DE8}") = "Host", "Host", "{19CB7678-387C-46BF-A427-20FA769092A7}"
EndProject
Project("{2150E333-8FDC-42A3-9474-1A3956D46DE8}") = "OpenApi", "OpenApi", "{17BE0C76-FFF1-4DA8-B077-FBC90DC1D9FA}"
EndProject
Project("{9A19103F-16F7-4668-BE54-9A1E7A4F7556}") = "Marain.Claims.SetupTool", "Marain.Claims.SetupTool\Marain.Claims.SetupTool.csproj", "{B5914684-AC2B-4234-9FA9-05C693860D5C}"
EndProject
Project("{9A19103F-16F7-4668-BE54-9A1E7A4F7556}") = "Marain.Claims.Client.OpenApi", "Marain.Claims.Client.OpenApi\Marain.Claims.Client.OpenApi.csproj", "{CFD6C579-BCDE-4B83-AC59-1BB01E11C2CD}"
EndProject
Project("{9A19103F-16F7-4668-BE54-9A1E7A4F7556}") = "Marain.Claims.Benchmark", "Marain.Claims.Benchmark\Marain.Claims.Benchmark.csproj", "{A4439DE9-66E5-4A43-BAA5-1609E0B0DCA3}"
EndProject
Project("{9A19103F-16F7-4668-BE54-9A1E7A4F7556}") = "Marain.Claims.Deployment", "Marain.Claims.Deployment\Marain.Claims.Deployment.csproj", "{ED0B5B20-B4A1-434B-84BB-419B87F92F80}"
EndProject
Project("{9A19103F-16F7-4668-BE54-9A1E7A4F7556}") = "Marain.Claims.OpenApi.Specs", "Marain.Claims.OpenApi.Specs\Marain.Claims.OpenApi.Specs.csproj", "{80C31873-7276-4A6C-ACBC-6952AECB6535}"
EndProject
Project("{2150E333-8FDC-42A3-9474-1A3956D46DE8}") = "Solution Items", "Solution Items", "{8D18746D-0E92-4A24-822B-B382F6BF1FE5}"
	ProjectSection(SolutionItems) = preProject
		.editorconfig = .editorconfig
		..\.gitignore = ..\.gitignore
		FastTests.playlist = FastTests.playlist
		..\imm.yaml = ..\imm.yaml
		ParallelizableTests.playlist = ParallelizableTests.playlist
	EndProjectSection
EndProject
Project("{9A19103F-16F7-4668-BE54-9A1E7A4F7556}") = "Marain.Claims.Specs.Common", "Marain.Claims.Specs.Common\Marain.Claims.Specs.Common.csproj", "{5C6EE93C-C9D7-46BE-B60A-5DEB755D0A2C}"
EndProject
Global
	GlobalSection(SolutionConfigurationPlatforms) = preSolution
		Debug|Any CPU = Debug|Any CPU
		Release|Any CPU = Release|Any CPU
	EndGlobalSection
	GlobalSection(ProjectConfigurationPlatforms) = postSolution
		{CEC3DC44-36AF-4B82-B483-04AA9B3C5479}.Debug|Any CPU.ActiveCfg = Debug|Any CPU
		{CEC3DC44-36AF-4B82-B483-04AA9B3C5479}.Debug|Any CPU.Build.0 = Debug|Any CPU
		{CEC3DC44-36AF-4B82-B483-04AA9B3C5479}.Release|Any CPU.ActiveCfg = Release|Any CPU
		{CEC3DC44-36AF-4B82-B483-04AA9B3C5479}.Release|Any CPU.Build.0 = Release|Any CPU
		{66AA538E-E684-4C84-A1C8-74CBA60537CD}.Debug|Any CPU.ActiveCfg = Debug|Any CPU
		{66AA538E-E684-4C84-A1C8-74CBA60537CD}.Debug|Any CPU.Build.0 = Debug|Any CPU
		{66AA538E-E684-4C84-A1C8-74CBA60537CD}.Release|Any CPU.ActiveCfg = Release|Any CPU
		{66AA538E-E684-4C84-A1C8-74CBA60537CD}.Release|Any CPU.Build.0 = Release|Any CPU
		{E21B3A99-99AC-4CEC-82EE-BD2460D7FA6E}.Debug|Any CPU.ActiveCfg = Debug|Any CPU
		{E21B3A99-99AC-4CEC-82EE-BD2460D7FA6E}.Debug|Any CPU.Build.0 = Debug|Any CPU
		{E21B3A99-99AC-4CEC-82EE-BD2460D7FA6E}.Release|Any CPU.ActiveCfg = Release|Any CPU
		{E21B3A99-99AC-4CEC-82EE-BD2460D7FA6E}.Release|Any CPU.Build.0 = Release|Any CPU
		{BD84F228-7BC5-46E7-A89F-BBB53180F4C5}.Debug|Any CPU.ActiveCfg = Debug|Any CPU
		{BD84F228-7BC5-46E7-A89F-BBB53180F4C5}.Debug|Any CPU.Build.0 = Debug|Any CPU
		{BD84F228-7BC5-46E7-A89F-BBB53180F4C5}.Release|Any CPU.ActiveCfg = Release|Any CPU
		{BD84F228-7BC5-46E7-A89F-BBB53180F4C5}.Release|Any CPU.Build.0 = Release|Any CPU
		{8AE603BB-0F1E-4424-8BC8-7B7DE0F51FA0}.Debug|Any CPU.ActiveCfg = Debug|Any CPU
		{8AE603BB-0F1E-4424-8BC8-7B7DE0F51FA0}.Debug|Any CPU.Build.0 = Debug|Any CPU
		{8AE603BB-0F1E-4424-8BC8-7B7DE0F51FA0}.Release|Any CPU.ActiveCfg = Release|Any CPU
		{8AE603BB-0F1E-4424-8BC8-7B7DE0F51FA0}.Release|Any CPU.Build.0 = Release|Any CPU
		{4206D374-36DB-4C17-84B3-05D5BBF79BA5}.Debug|Any CPU.ActiveCfg = Debug|Any CPU
		{4206D374-36DB-4C17-84B3-05D5BBF79BA5}.Debug|Any CPU.Build.0 = Debug|Any CPU
		{4206D374-36DB-4C17-84B3-05D5BBF79BA5}.Release|Any CPU.ActiveCfg = Release|Any CPU
		{4206D374-36DB-4C17-84B3-05D5BBF79BA5}.Release|Any CPU.Build.0 = Release|Any CPU
		{3565035B-723C-4323-B61B-B604F4D85D3F}.Debug|Any CPU.ActiveCfg = Debug|Any CPU
		{3565035B-723C-4323-B61B-B604F4D85D3F}.Debug|Any CPU.Build.0 = Debug|Any CPU
		{3565035B-723C-4323-B61B-B604F4D85D3F}.Release|Any CPU.ActiveCfg = Release|Any CPU
		{3565035B-723C-4323-B61B-B604F4D85D3F}.Release|Any CPU.Build.0 = Release|Any CPU
		{8C76D305-5A91-40BB-9916-E6318928E60B}.Debug|Any CPU.ActiveCfg = Debug|Any CPU
		{8C76D305-5A91-40BB-9916-E6318928E60B}.Debug|Any CPU.Build.0 = Debug|Any CPU
		{8C76D305-5A91-40BB-9916-E6318928E60B}.Release|Any CPU.ActiveCfg = Release|Any CPU
		{8C76D305-5A91-40BB-9916-E6318928E60B}.Release|Any CPU.Build.0 = Release|Any CPU
		{9623D1B0-40C8-44C3-8EEC-531CF965B0D6}.Debug|Any CPU.ActiveCfg = Debug|Any CPU
		{9623D1B0-40C8-44C3-8EEC-531CF965B0D6}.Debug|Any CPU.Build.0 = Debug|Any CPU
		{9623D1B0-40C8-44C3-8EEC-531CF965B0D6}.Release|Any CPU.ActiveCfg = Release|Any CPU
		{9623D1B0-40C8-44C3-8EEC-531CF965B0D6}.Release|Any CPU.Build.0 = Release|Any CPU
		{7D79853D-4E7A-4A94-A7C4-B32A7CE89E95}.Debug|Any CPU.ActiveCfg = Debug|Any CPU
		{7D79853D-4E7A-4A94-A7C4-B32A7CE89E95}.Debug|Any CPU.Build.0 = Debug|Any CPU
		{7D79853D-4E7A-4A94-A7C4-B32A7CE89E95}.Release|Any CPU.ActiveCfg = Release|Any CPU
		{7D79853D-4E7A-4A94-A7C4-B32A7CE89E95}.Release|Any CPU.Build.0 = Release|Any CPU
		{B5914684-AC2B-4234-9FA9-05C693860D5C}.Debug|Any CPU.ActiveCfg = Debug|Any CPU
		{B5914684-AC2B-4234-9FA9-05C693860D5C}.Debug|Any CPU.Build.0 = Debug|Any CPU
		{B5914684-AC2B-4234-9FA9-05C693860D5C}.Release|Any CPU.ActiveCfg = Release|Any CPU
		{B5914684-AC2B-4234-9FA9-05C693860D5C}.Release|Any CPU.Build.0 = Release|Any CPU
		{CFD6C579-BCDE-4B83-AC59-1BB01E11C2CD}.Debug|Any CPU.ActiveCfg = Debug|Any CPU
		{CFD6C579-BCDE-4B83-AC59-1BB01E11C2CD}.Debug|Any CPU.Build.0 = Debug|Any CPU
		{CFD6C579-BCDE-4B83-AC59-1BB01E11C2CD}.Release|Any CPU.ActiveCfg = Release|Any CPU
		{CFD6C579-BCDE-4B83-AC59-1BB01E11C2CD}.Release|Any CPU.Build.0 = Release|Any CPU
		{A4439DE9-66E5-4A43-BAA5-1609E0B0DCA3}.Debug|Any CPU.ActiveCfg = Debug|Any CPU
		{A4439DE9-66E5-4A43-BAA5-1609E0B0DCA3}.Debug|Any CPU.Build.0 = Debug|Any CPU
		{A4439DE9-66E5-4A43-BAA5-1609E0B0DCA3}.Release|Any CPU.ActiveCfg = Release|Any CPU
		{A4439DE9-66E5-4A43-BAA5-1609E0B0DCA3}.Release|Any CPU.Build.0 = Release|Any CPU
		{ED0B5B20-B4A1-434B-84BB-419B87F92F80}.Debug|Any CPU.ActiveCfg = Debug|Any CPU
		{ED0B5B20-B4A1-434B-84BB-419B87F92F80}.Debug|Any CPU.Build.0 = Debug|Any CPU
		{ED0B5B20-B4A1-434B-84BB-419B87F92F80}.Release|Any CPU.ActiveCfg = Release|Any CPU
		{ED0B5B20-B4A1-434B-84BB-419B87F92F80}.Release|Any CPU.Build.0 = Release|Any CPU
		{80C31873-7276-4A6C-ACBC-6952AECB6535}.Debug|Any CPU.ActiveCfg = Debug|Any CPU
		{80C31873-7276-4A6C-ACBC-6952AECB6535}.Debug|Any CPU.Build.0 = Debug|Any CPU
		{80C31873-7276-4A6C-ACBC-6952AECB6535}.Release|Any CPU.ActiveCfg = Release|Any CPU
		{80C31873-7276-4A6C-ACBC-6952AECB6535}.Release|Any CPU.Build.0 = Release|Any CPU
		{5C6EE93C-C9D7-46BE-B60A-5DEB755D0A2C}.Debug|Any CPU.ActiveCfg = Debug|Any CPU
		{5C6EE93C-C9D7-46BE-B60A-5DEB755D0A2C}.Debug|Any CPU.Build.0 = Debug|Any CPU
		{5C6EE93C-C9D7-46BE-B60A-5DEB755D0A2C}.Release|Any CPU.ActiveCfg = Release|Any CPU
		{5C6EE93C-C9D7-46BE-B60A-5DEB755D0A2C}.Release|Any CPU.Build.0 = Release|Any CPU
	EndGlobalSection
	GlobalSection(SolutionProperties) = preSolution
		HideSolutionNode = FALSE
	EndGlobalSection
	GlobalSection(NestedProjects) = preSolution
		{66AA538E-E684-4C84-A1C8-74CBA60537CD} = {19CB7678-387C-46BF-A427-20FA769092A7}
		{E21B3A99-99AC-4CEC-82EE-BD2460D7FA6E} = {19CB7678-387C-46BF-A427-20FA769092A7}
		{BD84F228-7BC5-46E7-A89F-BBB53180F4C5} = {19CB7678-387C-46BF-A427-20FA769092A7}
		{8AE603BB-0F1E-4424-8BC8-7B7DE0F51FA0} = {17BE0C76-FFF1-4DA8-B077-FBC90DC1D9FA}
		{4206D374-36DB-4C17-84B3-05D5BBF79BA5} = {19CB7678-387C-46BF-A427-20FA769092A7}
		{3565035B-723C-4323-B61B-B604F4D85D3F} = {19CB7678-387C-46BF-A427-20FA769092A7}
		{8C76D305-5A91-40BB-9916-E6318928E60B} = {19CB7678-387C-46BF-A427-20FA769092A7}
		{9623D1B0-40C8-44C3-8EEC-531CF965B0D6} = {17BE0C76-FFF1-4DA8-B077-FBC90DC1D9FA}
		{7D79853D-4E7A-4A94-A7C4-B32A7CE89E95} = {17BE0C76-FFF1-4DA8-B077-FBC90DC1D9FA}
		{B5914684-AC2B-4234-9FA9-05C693860D5C} = {19CB7678-387C-46BF-A427-20FA769092A7}
		{CFD6C579-BCDE-4B83-AC59-1BB01E11C2CD} = {17BE0C76-FFF1-4DA8-B077-FBC90DC1D9FA}
		{80C31873-7276-4A6C-ACBC-6952AECB6535} = {17BE0C76-FFF1-4DA8-B077-FBC90DC1D9FA}
	EndGlobalSection
	GlobalSection(ExtensibilityGlobals) = postSolution
		SolutionGuid = {B092077E-4A68-480E-A982-FE920DCCEF34}
	EndGlobalSection
EndGlobal
